
Microsoft Visual Studio Solution File, Format Version 12.00
# Visual Studio Version 17
VisualStudioVersion = 17.4.33213.308
MinimumVisualStudioVersion = 10.0.40219.1
Project("{FAE04EC0-301F-11D3-BF4B-00C04F79EFBC}") = "VoicesFE01", "VoicesFE01\VoicesFE01.csproj", "{411614FF-1AB9-4533-A883-10A8FFDB3697}"
EndProject
Global
	GlobalSection(SolutionConfigurationPlatforms) = preSolution
		Debug|Any CPU = Debug|Any CPU
		Release|Any CPU = Release|Any CPU
	EndGlobalSection
	GlobalSection(ProjectConfigurationPlatforms) = postSolution
		{411614FF-1AB9-4533-A883-10A8FFDB3697}.Debug|Any CPU.ActiveCfg = Debug|Any CPU
		{411614FF-1AB9-4533-A883-10A8FFDB3697}.Debug|Any CPU.Build.0 = Debug|Any CPU
		{411614FF-1AB9-4533-A883-10A8FFDB3697}.Release|Any CPU.ActiveCfg = Release|Any CPU
		{411614FF-1AB9-4533-A883-10A8FFDB3697}.Release|Any CPU.Build.0 = Release|Any CPU
	EndGlobalSection
	GlobalSection(SolutionProperties) = preSolution
		HideSolutionNode = FALSE
	EndGlobalSection
	GlobalSection(ExtensibilityGlobals) = postSolution
		SolutionGuid = {CEB97DBA-54E3-4BAE-9474-BE3966647546}
	EndGlobalSection
EndGlobal
